// !$*UTF8*$!
{
	archiveVersion = 1;
	classes = {
	};
	objectVersion = 48;
	objects = {

/* Begin PBXBuildFile section */
		4F19F4EDA6BE17D7AF3C39F0 /* Pods_WebSocketTest.framework in Frameworks */ = {isa = PBXBuildFile; fileRef = 05BF626BBD3F71182B141AB3 /* Pods_WebSocketTest.framework */; };
		87469D6920320F42004EF76F /* TestServer.swift in Sources */ = {isa = PBXBuildFile; fileRef = 87469D6820320F42004EF76F /* TestServer.swift */; };
		87469D6B20321178004EF76F /* TestClient.swift in Sources */ = {isa = PBXBuildFile; fileRef = 87469D6A20321178004EF76F /* TestClient.swift */; };
		87469D702032F18F004EF76F /* VideoEncoder.swift in Sources */ = {isa = PBXBuildFile; fileRef = 87469D6F2032F18F004EF76F /* VideoEncoder.swift */; };
		87469D7220330CA7004EF76F /* ServerWrapper.swift in Sources */ = {isa = PBXBuildFile; fileRef = 87469D7120330CA7004EF76F /* ServerWrapper.swift */; };
		8756FC1F20320E6900AA0AFC /* AppDelegate.swift in Sources */ = {isa = PBXBuildFile; fileRef = 8756FC1E20320E6900AA0AFC /* AppDelegate.swift */; };
		8756FC2120320E6900AA0AFC /* ViewController.swift in Sources */ = {isa = PBXBuildFile; fileRef = 8756FC2020320E6900AA0AFC /* ViewController.swift */; };
		8756FC2420320E6900AA0AFC /* Main.storyboard in Resources */ = {isa = PBXBuildFile; fileRef = 8756FC2220320E6900AA0AFC /* Main.storyboard */; };
		8756FC2620320E6900AA0AFC /* Assets.xcassets in Resources */ = {isa = PBXBuildFile; fileRef = 8756FC2520320E6900AA0AFC /* Assets.xcassets */; };
		8756FC2920320E6900AA0AFC /* LaunchScreen.storyboard in Resources */ = {isa = PBXBuildFile; fileRef = 8756FC2720320E6900AA0AFC /* LaunchScreen.storyboard */; };
/* End PBXBuildFile section */

/* Begin PBXFileReference section */
		05BF626BBD3F71182B141AB3 /* Pods_WebSocketTest.framework */ = {isa = PBXFileReference; explicitFileType = wrapper.framework; includeInIndex = 0; path = Pods_WebSocketTest.framework; sourceTree = BUILT_PRODUCTS_DIR; };
		152B97D5BD271750B5C783AA /* Pods-WebSocketTest.release.xcconfig */ = {isa = PBXFileReference; includeInIndex = 1; lastKnownFileType = text.xcconfig; name = "Pods-WebSocketTest.release.xcconfig"; path = "Pods/Target Support Files/Pods-WebSocketTest/Pods-WebSocketTest.release.xcconfig"; sourceTree = "<group>"; };
		87469D6820320F42004EF76F /* TestServer.swift */ = {isa = PBXFileReference; lastKnownFileType = sourcecode.swift; path = TestServer.swift; sourceTree = "<group>"; };
		87469D6A20321178004EF76F /* TestClient.swift */ = {isa = PBXFileReference; lastKnownFileType = sourcecode.swift; path = TestClient.swift; sourceTree = "<group>"; };
		87469D6C203222A9004EF76F /* WebSocketTest-Bridging-Header.h */ = {isa = PBXFileReference; lastKnownFileType = sourcecode.c.h; path = "WebSocketTest-Bridging-Header.h"; sourceTree = "<group>"; };
		87469D6F2032F18F004EF76F /* VideoEncoder.swift */ = {isa = PBXFileReference; lastKnownFileType = sourcecode.swift; path = VideoEncoder.swift; sourceTree = "<group>"; };
		87469D7120330CA7004EF76F /* ServerWrapper.swift */ = {isa = PBXFileReference; lastKnownFileType = sourcecode.swift; path = ServerWrapper.swift; sourceTree = "<group>"; };
		8756FC1B20320E6900AA0AFC /* WebSocketTest.app */ = {isa = PBXFileReference; explicitFileType = wrapper.application; includeInIndex = 0; path = WebSocketTest.app; sourceTree = BUILT_PRODUCTS_DIR; };
		8756FC1E20320E6900AA0AFC /* AppDelegate.swift */ = {isa = PBXFileReference; lastKnownFileType = sourcecode.swift; path = AppDelegate.swift; sourceTree = "<group>"; };
		8756FC2020320E6900AA0AFC /* ViewController.swift */ = {isa = PBXFileReference; lastKnownFileType = sourcecode.swift; path = ViewController.swift; sourceTree = "<group>"; };
		8756FC2320320E6900AA0AFC /* Base */ = {isa = PBXFileReference; lastKnownFileType = file.storyboard; name = Base; path = Base.lproj/Main.storyboard; sourceTree = "<group>"; };
		8756FC2520320E6900AA0AFC /* Assets.xcassets */ = {isa = PBXFileReference; lastKnownFileType = folder.assetcatalog; path = Assets.xcassets; sourceTree = "<group>"; };
		8756FC2820320E6900AA0AFC /* Base */ = {isa = PBXFileReference; lastKnownFileType = file.storyboard; name = Base; path = Base.lproj/LaunchScreen.storyboard; sourceTree = "<group>"; };
		8756FC2A20320E6900AA0AFC /* Info.plist */ = {isa = PBXFileReference; lastKnownFileType = text.plist.xml; path = Info.plist; sourceTree = "<group>"; };
		FA0F88E9D4B77580A07D691F /* Pods-WebSocketTest.debug.xcconfig */ = {isa = PBXFileReference; includeInIndex = 1; lastKnownFileType = text.xcconfig; name = "Pods-WebSocketTest.debug.xcconfig"; path = "Pods/Target Support Files/Pods-WebSocketTest/Pods-WebSocketTest.debug.xcconfig"; sourceTree = "<group>"; };
/* End PBXFileReference section */

/* Begin PBXFrameworksBuildPhase section */
		8756FC1820320E6900AA0AFC /* Frameworks */ = {
			isa = PBXFrameworksBuildPhase;
			buildActionMask = 2147483647;
			files = (
				4F19F4EDA6BE17D7AF3C39F0 /* Pods_WebSocketTest.framework in Frameworks */,
			);
			runOnlyForDeploymentPostprocessing = 0;
		};
/* End PBXFrameworksBuildPhase section */

/* Begin PBXGroup section */
		8756FC1220320E6900AA0AFC = {
			isa = PBXGroup;
			children = (
				87469D6C203222A9004EF76F /* WebSocketTest-Bridging-Header.h */,
				8756FC1D20320E6900AA0AFC /* WebSocketTest */,
				8756FC1C20320E6900AA0AFC /* Products */,
				E67B73A88C8C701FF9CE7491 /* Pods */,
				E863DE60ACABDF2D3454F23F /* Frameworks */,
			);
			sourceTree = "<group>";
		};
		8756FC1C20320E6900AA0AFC /* Products */ = {
			isa = PBXGroup;
			children = (
				8756FC1B20320E6900AA0AFC /* WebSocketTest.app */,
			);
			name = Products;
			sourceTree = "<group>";
		};
		8756FC1D20320E6900AA0AFC /* WebSocketTest */ = {
			isa = PBXGroup;
			children = (
				8756FC1E20320E6900AA0AFC /* AppDelegate.swift */,
				8756FC2020320E6900AA0AFC /* ViewController.swift */,
				87469D6820320F42004EF76F /* TestServer.swift */,
				87469D6A20321178004EF76F /* TestClient.swift */,
				87469D6F2032F18F004EF76F /* VideoEncoder.swift */,
				87469D7120330CA7004EF76F /* ServerWrapper.swift */,
				8756FC2220320E6900AA0AFC /* Main.storyboard */,
				8756FC2520320E6900AA0AFC /* Assets.xcassets */,
				8756FC2720320E6900AA0AFC /* LaunchScreen.storyboard */,
				8756FC2A20320E6900AA0AFC /* Info.plist */,
			);
			path = WebSocketTest;
			sourceTree = "<group>";
		};
		E67B73A88C8C701FF9CE7491 /* Pods */ = {
			isa = PBXGroup;
			children = (
				FA0F88E9D4B77580A07D691F /* Pods-WebSocketTest.debug.xcconfig */,
				152B97D5BD271750B5C783AA /* Pods-WebSocketTest.release.xcconfig */,
			);
			name = Pods;
			sourceTree = "<group>";
		};
		E863DE60ACABDF2D3454F23F /* Frameworks */ = {
			isa = PBXGroup;
			children = (
				05BF626BBD3F71182B141AB3 /* Pods_WebSocketTest.framework */,
			);
			name = Frameworks;
			sourceTree = "<group>";
		};
/* End PBXGroup section */

/* Begin PBXNativeTarget section */
		8756FC1A20320E6900AA0AFC /* WebSocketTest */ = {
			isa = PBXNativeTarget;
			buildConfigurationList = 8756FC2D20320E6900AA0AFC /* Build configuration list for PBXNativeTarget "WebSocketTest" */;
			buildPhases = (
				497C6C5A865C1C13A47A4F13 /* [CP] Check Pods Manifest.lock */,
				8756FC1720320E6900AA0AFC /* Sources */,
				8756FC1820320E6900AA0AFC /* Frameworks */,
				8756FC1920320E6900AA0AFC /* Resources */,
				EF465B6C119F7398F3E8C8C1 /* [CP] Embed Pods Frameworks */,
				797C75BC9BCF0A8BFFCD18B3 /* [CP] Copy Pods Resources */,
			);
			buildRules = (
			);
			dependencies = (
			);
			name = WebSocketTest;
			productName = WebSocketTest;
			productReference = 8756FC1B20320E6900AA0AFC /* WebSocketTest.app */;
			productType = "com.apple.product-type.application";
		};
/* End PBXNativeTarget section */

/* Begin PBXProject section */
		8756FC1320320E6900AA0AFC /* Project object */ = {
			isa = PBXProject;
			attributes = {
				LastSwiftUpdateCheck = 0920;
				LastUpgradeCheck = 0920;
				ORGANIZATIONNAME = "Ori Chajuss";
				TargetAttributes = {
					8756FC1A20320E6900AA0AFC = {
						CreatedOnToolsVersion = 9.2;
						ProvisioningStyle = Automatic;
					};
				};
			};
			buildConfigurationList = 8756FC1620320E6900AA0AFC /* Build configuration list for PBXProject "WebSocketTest" */;
			compatibilityVersion = "Xcode 8.0";
			developmentRegion = en;
			hasScannedForEncodings = 0;
			knownRegions = (
				en,
				Base,
			);
			mainGroup = 8756FC1220320E6900AA0AFC;
			productRefGroup = 8756FC1C20320E6900AA0AFC /* Products */;
			projectDirPath = "";
			projectRoot = "";
			targets = (
				8756FC1A20320E6900AA0AFC /* WebSocketTest */,
			);
		};
/* End PBXProject section */

/* Begin PBXResourcesBuildPhase section */
		8756FC1920320E6900AA0AFC /* Resources */ = {
			isa = PBXResourcesBuildPhase;
			buildActionMask = 2147483647;
			files = (
				8756FC2920320E6900AA0AFC /* LaunchScreen.storyboard in Resources */,
				8756FC2620320E6900AA0AFC /* Assets.xcassets in Resources */,
				8756FC2420320E6900AA0AFC /* Main.storyboard in Resources */,
			);
			runOnlyForDeploymentPostprocessing = 0;
		};
/* End PBXResourcesBuildPhase section */

/* Begin PBXShellScriptBuildPhase section */
		497C6C5A865C1C13A47A4F13 /* [CP] Check Pods Manifest.lock */ = {
			isa = PBXShellScriptBuildPhase;
			buildActionMask = 2147483647;
			files = (
			);
			inputPaths = (
				"${PODS_PODFILE_DIR_PATH}/Podfile.lock",
				"${PODS_ROOT}/Manifest.lock",
			);
			name = "[CP] Check Pods Manifest.lock";
			outputPaths = (
				"$(DERIVED_FILE_DIR)/Pods-WebSocketTest-checkManifestLockResult.txt",
			);
			runOnlyForDeploymentPostprocessing = 0;
			shellPath = /bin/sh;
			shellScript = "diff \"${PODS_PODFILE_DIR_PATH}/Podfile.lock\" \"${PODS_ROOT}/Manifest.lock\" > /dev/null\nif [ $? != 0 ] ; then\n    # print error to STDERR\n    echo \"error: The sandbox is not in sync with the Podfile.lock. Run 'pod install' or update your CocoaPods installation.\" >&2\n    exit 1\nfi\n# This output is used by Xcode 'outputs' to avoid re-running this script phase.\necho \"SUCCESS\" > \"${SCRIPT_OUTPUT_FILE_0}\"\n";
			showEnvVarsInLog = 0;
		};
		797C75BC9BCF0A8BFFCD18B3 /* [CP] Copy Pods Resources */ = {
			isa = PBXShellScriptBuildPhase;
			buildActionMask = 2147483647;
			files = (
			);
			inputPaths = (
			);
			name = "[CP] Copy Pods Resources";
			outputPaths = (
			);
			runOnlyForDeploymentPostprocessing = 0;
			shellPath = /bin/sh;
			shellScript = "\"${SRCROOT}/Pods/Target Support Files/Pods-WebSocketTest/Pods-WebSocketTest-resources.sh\"\n";
			showEnvVarsInLog = 0;
		};
		EF465B6C119F7398F3E8C8C1 /* [CP] Embed Pods Frameworks */ = {
			isa = PBXShellScriptBuildPhase;
			buildActionMask = 2147483647;
			files = (
			);
			inputPaths = (
				"${SRCROOT}/Pods/Target Support Files/Pods-WebSocketTest/Pods-WebSocketTest-frameworks.sh",
				"${BUILT_PRODUCTS_DIR}/BlueSocket/Socket.framework",
				"${BUILT_PRODUCTS_DIR}/CocoaAsyncSocket/CocoaAsyncSocket.framework",
				"${BUILT_PRODUCTS_DIR}/HTTPParserC/HTTPParserC.framework",
				"${BUILT_PRODUCTS_DIR}/RxCocoa/RxCocoa.framework",
				"${BUILT_PRODUCTS_DIR}/RxSwift/RxSwift.framework",
				"${BUILT_PRODUCTS_DIR}/Starscream/Starscream.framework",
				"${BUILT_PRODUCTS_DIR}/Telegraph/Telegraph.framework",
			);
			name = "[CP] Embed Pods Frameworks";
			outputPaths = (
				"${TARGET_BUILD_DIR}/${FRAMEWORKS_FOLDER_PATH}/Socket.framework",
				"${TARGET_BUILD_DIR}/${FRAMEWORKS_FOLDER_PATH}/CocoaAsyncSocket.framework",
				"${TARGET_BUILD_DIR}/${FRAMEWORKS_FOLDER_PATH}/HTTPParserC.framework",
				"${TARGET_BUILD_DIR}/${FRAMEWORKS_FOLDER_PATH}/RxCocoa.framework",
				"${TARGET_BUILD_DIR}/${FRAMEWORKS_FOLDER_PATH}/RxSwift.framework",
				"${TARGET_BUILD_DIR}/${FRAMEWORKS_FOLDER_PATH}/Starscream.framework",
				"${TARGET_BUILD_DIR}/${FRAMEWORKS_FOLDER_PATH}/Telegraph.framework",
			);
			runOnlyForDeploymentPostprocessing = 0;
			shellPath = /bin/sh;
			shellScript = "\"${SRCROOT}/Pods/Target Support Files/Pods-WebSocketTest/Pods-WebSocketTest-frameworks.sh\"\n";
			showEnvVarsInLog = 0;
		};
/* End PBXShellScriptBuildPhase section */

/* Begin PBXSourcesBuildPhase section */
		8756FC1720320E6900AA0AFC /* Sources */ = {
			isa = PBXSourcesBuildPhase;
			buildActionMask = 2147483647;
			files = (
				8756FC2120320E6900AA0AFC /* ViewController.swift in Sources */,
				87469D6920320F42004EF76F /* TestServer.swift in Sources */,
				87469D7220330CA7004EF76F /* ServerWrapper.swift in Sources */,
				87469D6B20321178004EF76F /* TestClient.swift in Sources */,
				87469D702032F18F004EF76F /* VideoEncoder.swift in Sources */,
				8756FC1F20320E6900AA0AFC /* AppDelegate.swift in Sources */,
			);
			runOnlyForDeploymentPostprocessing = 0;
		};
/* End PBXSourcesBuildPhase section */

/* Begin PBXVariantGroup section */
		8756FC2220320E6900AA0AFC /* Main.storyboard */ = {
			isa = PBXVariantGroup;
			children = (
				8756FC2320320E6900AA0AFC /* Base */,
			);
			name = Main.storyboard;
			sourceTree = "<group>";
		};
		8756FC2720320E6900AA0AFC /* LaunchScreen.storyboard */ = {
			isa = PBXVariantGroup;
			children = (
				8756FC2820320E6900AA0AFC /* Base */,
			);
			name = LaunchScreen.storyboard;
			sourceTree = "<group>";
		};
/* End PBXVariantGroup section */

/* Begin XCBuildConfiguration section */
		8756FC2B20320E6900AA0AFC /* Debug */ = {
			isa = XCBuildConfiguration;
			buildSettings = {
				ALWAYS_SEARCH_USER_PATHS = NO;
				CLANG_ANALYZER_NONNULL = YES;
				CLANG_ANALYZER_NUMBER_OBJECT_CONVERSION = YES_AGGRESSIVE;
				CLANG_CXX_LANGUAGE_STANDARD = "gnu++14";
				CLANG_CXX_LIBRARY = "libc++";
				CLANG_ENABLE_MODULES = YES;
				CLANG_ENABLE_OBJC_ARC = YES;
				CLANG_WARN_BLOCK_CAPTURE_AUTORELEASING = YES;
				CLANG_WARN_BOOL_CONVERSION = YES;
				CLANG_WARN_COMMA = YES;
				CLANG_WARN_CONSTANT_CONVERSION = YES;
				CLANG_WARN_DIRECT_OBJC_ISA_USAGE = YES_ERROR;
				CLANG_WARN_DOCUMENTATION_COMMENTS = YES;
				CLANG_WARN_EMPTY_BODY = YES;
				CLANG_WARN_ENUM_CONVERSION = YES;
				CLANG_WARN_INFINITE_RECURSION = YES;
				CLANG_WARN_INT_CONVERSION = YES;
				CLANG_WARN_NON_LITERAL_NULL_CONVERSION = YES;
				CLANG_WARN_OBJC_LITERAL_CONVERSION = YES;
				CLANG_WARN_OBJC_ROOT_CLASS = YES_ERROR;
				CLANG_WARN_RANGE_LOOP_ANALYSIS = YES;
				CLANG_WARN_STRICT_PROTOTYPES = YES;
				CLANG_WARN_SUSPICIOUS_MOVE = YES;
				CLANG_WARN_UNGUARDED_AVAILABILITY = YES_AGGRESSIVE;
				CLANG_WARN_UNREACHABLE_CODE = YES;
				CLANG_WARN__DUPLICATE_METHOD_MATCH = YES;
				CODE_SIGN_IDENTITY = "iPhone Developer";
				COPY_PHASE_STRIP = NO;
				DEBUG_INFORMATION_FORMAT = dwarf;
				ENABLE_STRICT_OBJC_MSGSEND = YES;
				ENABLE_TESTABILITY = YES;
				GCC_C_LANGUAGE_STANDARD = gnu11;
				GCC_DYNAMIC_NO_PIC = NO;
				GCC_NO_COMMON_BLOCKS = YES;
				GCC_OPTIMIZATION_LEVEL = 0;
				GCC_PREPROCESSOR_DEFINITIONS = (
					"DEBUG=1",
					"$(inherited)",
				);
				GCC_WARN_64_TO_32_BIT_CONVERSION = YES;
				GCC_WARN_ABOUT_RETURN_TYPE = YES_ERROR;
				GCC_WARN_UNDECLARED_SELECTOR = YES;
				GCC_WARN_UNINITIALIZED_AUTOS = YES_AGGRESSIVE;
				GCC_WARN_UNUSED_FUNCTION = YES;
				GCC_WARN_UNUSED_VARIABLE = YES;
				IPHONEOS_DEPLOYMENT_TARGET = 11.2;
				MTL_ENABLE_DEBUG_INFO = YES;
				ONLY_ACTIVE_ARCH = YES;
				SDKROOT = iphoneos;
				SWIFT_ACTIVE_COMPILATION_CONDITIONS = DEBUG;
				SWIFT_OPTIMIZATION_LEVEL = "-Onone";
			};
			name = Debug;
		};
		8756FC2C20320E6900AA0AFC /* Release */ = {
			isa = XCBuildConfiguration;
			buildSettings = {
				ALWAYS_SEARCH_USER_PATHS = NO;
				CLANG_ANALYZER_NONNULL = YES;
				CLANG_ANALYZER_NUMBER_OBJECT_CONVERSION = YES_AGGRESSIVE;
				CLANG_CXX_LANGUAGE_STANDARD = "gnu++14";
				CLANG_CXX_LIBRARY = "libc++";
				CLANG_ENABLE_MODULES = YES;
				CLANG_ENABLE_OBJC_ARC = YES;
				CLANG_WARN_BLOCK_CAPTURE_AUTORELEASING = YES;
				CLANG_WARN_BOOL_CONVERSION = YES;
				CLANG_WARN_COMMA = YES;
				CLANG_WARN_CONSTANT_CONVERSION = YES;
				CLANG_WARN_DIRECT_OBJC_ISA_USAGE = YES_ERROR;
				CLANG_WARN_DOCUMENTATION_COMMENTS = YES;
				CLANG_WARN_EMPTY_BODY = YES;
				CLANG_WARN_ENUM_CONVERSION = YES;
				CLANG_WARN_INFINITE_RECURSION = YES;
				CLANG_WARN_INT_CONVERSION = YES;
				CLANG_WARN_NON_LITERAL_NULL_CONVERSION = YES;
				CLANG_WARN_OBJC_LITERAL_CONVERSION = YES;
				CLANG_WARN_OBJC_ROOT_CLASS = YES_ERROR;
				CLANG_WARN_RANGE_LOOP_ANALYSIS = YES;
				CLANG_WARN_STRICT_PROTOTYPES = YES;
				CLANG_WARN_SUSPICIOUS_MOVE = YES;
				CLANG_WARN_UNGUARDED_AVAILABILITY = YES_AGGRESSIVE;
				CLANG_WARN_UNREACHABLE_CODE = YES;
				CLANG_WARN__DUPLICATE_METHOD_MATCH = YES;
				CODE_SIGN_IDENTITY = "iPhone Developer";
				COPY_PHASE_STRIP = NO;
				DEBUG_INFORMATION_FORMAT = "dwarf-with-dsym";
				ENABLE_NS_ASSERTIONS = NO;
				ENABLE_STRICT_OBJC_MSGSEND = YES;
				GCC_C_LANGUAGE_STANDARD = gnu11;
				GCC_NO_COMMON_BLOCKS = YES;
				GCC_WARN_64_TO_32_BIT_CONVERSION = YES;
				GCC_WARN_ABOUT_RETURN_TYPE = YES_ERROR;
				GCC_WARN_UNDECLARED_SELECTOR = YES;
				GCC_WARN_UNINITIALIZED_AUTOS = YES_AGGRESSIVE;
				GCC_WARN_UNUSED_FUNCTION = YES;
				GCC_WARN_UNUSED_VARIABLE = YES;
				IPHONEOS_DEPLOYMENT_TARGET = 11.2;
				MTL_ENABLE_DEBUG_INFO = NO;
				SDKROOT = iphoneos;
				SWIFT_OPTIMIZATION_LEVEL = "-Owholemodule";
				VALIDATE_PRODUCT = YES;
			};
			name = Release;
		};
		8756FC2E20320E6900AA0AFC /* Debug */ = {
			isa = XCBuildConfiguration;
			baseConfigurationReference = FA0F88E9D4B77580A07D691F /* Pods-WebSocketTest.debug.xcconfig */;
			buildSettings = {
				ASSETCATALOG_COMPILER_APPICON_NAME = AppIcon;
				CODE_SIGN_STYLE = Automatic;
				DEVELOPMENT_TEAM = 855K6T54ZF;
				INFOPLIST_FILE = WebSocketTest/Info.plist;
				LD_RUNPATH_SEARCH_PATHS = "$(inherited) @executable_path/Frameworks";
				PRODUCT_BUNDLE_IDENTIFIER = com.chajuss.WebSocketTest;
				PRODUCT_NAME = "$(TARGET_NAME)";
				SWIFT_OBJC_BRIDGING_HEADER = "WebSocketTest-Bridging-Header.h";
				SWIFT_VERSION = 4.0;
				TARGETED_DEVICE_FAMILY = "1,2";
			};
			name = Debug;
		};
		8756FC2F20320E6900AA0AFC /* Release */ = {
			isa = XCBuildConfiguration;
			baseConfigurationReference = 152B97D5BD271750B5C783AA /* Pods-WebSocketTest.release.xcconfig */;
			buildSettings = {
				ASSETCATALOG_COMPILER_APPICON_NAME = AppIcon;
				CODE_SIGN_STYLE = Automatic;
				DEVELOPMENT_TEAM = 855K6T54ZF;
				INFOPLIST_FILE = WebSocketTest/Info.plist;
				LD_RUNPATH_SEARCH_PATHS = "$(inherited) @executable_path/Frameworks";
				PRODUCT_BUNDLE_IDENTIFIER = com.chajuss.WebSocketTest;
				PRODUCT_NAME = "$(TARGET_NAME)";
				SWIFT_OBJC_BRIDGING_HEADER = "WebSocketTest-Bridging-Header.h";
				SWIFT_VERSION = 4.0;
				TARGETED_DEVICE_FAMILY = "1,2";
			};
			name = Release;
		};
/* End XCBuildConfiguration section */

/* Begin XCConfigurationList section */
		8756FC1620320E6900AA0AFC /* Build configuration list for PBXProject "WebSocketTest" */ = {
			isa = XCConfigurationList;
			buildConfigurations = (
				8756FC2B20320E6900AA0AFC /* Debug */,
				8756FC2C20320E6900AA0AFC /* Release */,
			);
			defaultConfigurationIsVisible = 0;
			defaultConfigurationName = Release;
		};
		8756FC2D20320E6900AA0AFC /* Build configuration list for PBXNativeTarget "WebSocketTest" */ = {
			isa = XCConfigurationList;
			buildConfigurations = (
				8756FC2E20320E6900AA0AFC /* Debug */,
				8756FC2F20320E6900AA0AFC /* Release */,
			);
			defaultConfigurationIsVisible = 0;
			defaultConfigurationName = Release;
		};
/* End XCConfigurationList section */
	};
	rootObject = 8756FC1320320E6900AA0AFC /* Project object */;
}
